{
  "originHash" : "b797d34e0920ca1f8cf915cb44dbe24a9d4d7f05ae04badd0d3123a69a0047be",
  "pins" : [
    {
      "identity" : "emojitext",
      "kind" : "remoteSourceControl",
      "location" : "https://github.com/divadretlaw/EmojiText",
      "state" : {
        "revision" : "e24d8c0def5c77c551fee34fca09c38baa0860e6",
        "version" : "3.3.0"
      }
    },
    {
      "identity" : "keychain-swift",
      "kind" : "remoteSourceControl",
      "location" : "https://github.com/evgenyneu/keychain-swift",
      "state" : {
        "revision" : "265806607b45687a3d646e4c9837c31c90f202e8",
        "version" : "21.0.0"
      }
    },
    {
      "identity" : "nuke",
      "kind" : "remoteSourceControl",
      "location" : "https://github.com/kean/Nuke",
      "state" : {
        "revision" : "0ead44350d2737db384908569c012fe67c421e4d",
        "version" : "12.8.0"
      }
    },
    {
      "identity" : "purchases-ios-spm",
      "kind" : "remoteSourceControl",
      "location" : "https://github.com/RevenueCat/purchases-ios-spm",
      "state" : {
        "revision" : "cdfe7100fc8cca4a655a9c0f1d34e1fcbc40edd0",
        "version" : "5.28.1"
      }
    },
    {
      "identity" : "swiftsoup",
      "kind" : "remoteSourceControl",
      "location" : "https://github.com/scinfu/SwiftSoup",
      "state" : {
        "revision" : "aa85ee96017a730031bafe411cde24a08a17a9c9",
        "version" : "2.8.8"
      }
    }
  ],
  "version" : 3
}
