// !$*UTF8*$!
{
	archiveVersion = 1;
	classes = {
	};
	objectVersion = 70;
	objects = {

/* Begin PBXBuildFile section */
		B93B676D2B42C94F000892E9 /* Nuke in Frameworks */ = {isa = PBXBuildFile; productRef = B93B676C2B42C94F000892E9 /* Nuke */; };
		B93B676F2B42C94F000892E9 /* NukeExtensions in Frameworks */ = {isa = PBXBuildFile; productRef = B93B676E2B42C94F000892E9 /* NukeExtensions */; };
		B93B67712B42C94F000892E9 /* NukeUI in Frameworks */ = {isa = PBXBuildFile; productRef = B93B67702B42C94F000892E9 /* NukeUI */; };
		B93B67732B42C94F000892E9 /* NukeVideo in Frameworks */ = {isa = PBXBuildFile; productRef = B93B67722B42C94F000892E9 /* NukeVideo */; };
		B93B67762B42E8AB000892E9 /* EmojiText in Frameworks */ = {isa = PBXBuildFile; productRef = B93B67752B42E8AB000892E9 /* EmojiText */; };
		B95ED2332B8707D60055F5BD /* RevenueCat in Frameworks */ = {isa = PBXBuildFile; productRef = B95ED2322B8707D60055F5BD /* RevenueCat */; };
		B95ED2352B8707D60055F5BD /* RevenueCatUI in Frameworks */ = {isa = PBXBuildFile; productRef = B95ED2342B8707D60055F5BD /* RevenueCatUI */; };
		B97BCE282B3ED2A80044756D /* .gitignore in Resources */ = {isa = PBXBuildFile; fileRef = B97BCE272B3ED2A80044756D /* .gitignore */; };
		B98DD8D62C681FDA009F40DD /* Localizable.xcstrings in Resources */ = {isa = PBXBuildFile; fileRef = B9FB948F2B2E2B0E00D81C07 /* Localizable.xcstrings */; };
		B98DD8D82C6821F7009F40DD /* CreatePostControl.swift in Sources */ = {isa = PBXBuildFile; fileRef = B98DD8D72C6821F7009F40DD /* CreatePostControl.swift */; };
		B98DD8D92C6821F7009F40DD /* CreatePostControl.swift in Sources */ = {isa = PBXBuildFile; fileRef = B98DD8D72C6821F7009F40DD /* CreatePostControl.swift */; };
		B9A80DDE2C67BFF800DE3D88 /* CreatePostWidget.swift in Sources */ = {isa = PBXBuildFile; fileRef = B9A80DDD2C67BFF800DE3D88 /* CreatePostWidget.swift */; };
		B9A80DDF2C67C27B00DE3D88 /* AppIntent.swift in Sources */ = {isa = PBXBuildFile; fileRef = B9C20D132B921C78004DC9B3 /* AppIntent.swift */; };
		B9A80E0A2C67C48D00DE3D88 /* AppDelegate.swift in Sources */ = {isa = PBXBuildFile; fileRef = B9EBE8572B474FD600FB594D /* AppDelegate.swift */; };
		B9A80E852C67C7C300DE3D88 /* SwiftSoup in Frameworks */ = {isa = PBXBuildFile; productRef = B9A80E842C67C7C300DE3D88 /* SwiftSoup */; };
		B9A80E872C67C7C300DE3D88 /* Nuke in Frameworks */ = {isa = PBXBuildFile; productRef = B9A80E862C67C7C300DE3D88 /* Nuke */; };
		B9A80E892C67C7C300DE3D88 /* NukeExtensions in Frameworks */ = {isa = PBXBuildFile; productRef = B9A80E882C67C7C300DE3D88 /* NukeExtensions */; };
		B9A80E8B2C67C7C300DE3D88 /* NukeUI in Frameworks */ = {isa = PBXBuildFile; productRef = B9A80E8A2C67C7C300DE3D88 /* NukeUI */; };
		B9A80E8D2C67C7C300DE3D88 /* NukeVideo in Frameworks */ = {isa = PBXBuildFile; productRef = B9A80E8C2C67C7C300DE3D88 /* NukeVideo */; };
		B9A80E8F2C67C7C300DE3D88 /* EmojiText in Frameworks */ = {isa = PBXBuildFile; productRef = B9A80E8E2C67C7C300DE3D88 /* EmojiText */; };
		B9A80E912C67C7C300DE3D88 /* KeychainSwift in Frameworks */ = {isa = PBXBuildFile; productRef = B9A80E902C67C7C300DE3D88 /* KeychainSwift */; };
		B9A80E932C67C7C300DE3D88 /* ReceiptParser in Frameworks */ = {isa = PBXBuildFile; productRef = B9A80E922C67C7C300DE3D88 /* ReceiptParser */; };
		B9A80E952C67C7C300DE3D88 /* RevenueCat in Frameworks */ = {isa = PBXBuildFile; productRef = B9A80E942C67C7C300DE3D88 /* RevenueCat */; };
		B9A80E972C67C7C300DE3D88 /* RevenueCatUI in Frameworks */ = {isa = PBXBuildFile; productRef = B9A80E962C67C7C300DE3D88 /* RevenueCatUI */; };
		B9A80E9A2C67D56900DE3D88 /* FollowCountWidget.swift in Sources */ = {isa = PBXBuildFile; fileRef = B9C20D112B921C78004DC9B3 /* FollowCountWidget.swift */; };
		B9A80E9B2C67D56900DE3D88 /* FollowGoalWidget.swift in Sources */ = {isa = PBXBuildFile; fileRef = B9B469AF2B9A275F00AD5585 /* FollowGoalWidget.swift */; };
		B9A80E9C2C67D56900DE3D88 /* CreatePostWidget.swift in Sources */ = {isa = PBXBuildFile; fileRef = B9A80DDD2C67BFF800DE3D88 /* CreatePostWidget.swift */; };
		B9AC6BD12CF341C2009C65C7 /* Secret.plist in Resources */ = {isa = PBXBuildFile; fileRef = B9AC6BD02CF341C2009C65C7 /* Secret.plist */; };
		B9B469B02B9A275F00AD5585 /* FollowGoalWidget.swift in Sources */ = {isa = PBXBuildFile; fileRef = B9B469AF2B9A275F00AD5585 /* FollowGoalWidget.swift */; };
		B9BF54072B6B6823004B24E7 /* KeychainSwift in Frameworks */ = {isa = PBXBuildFile; productRef = B9BF54062B6B6823004B24E7 /* KeychainSwift */; };
		B9C20D0B2B921C78004DC9B3 /* WidgetKit.framework in Frameworks */ = {isa = PBXBuildFile; fileRef = B9C20D0A2B921C78004DC9B3 /* WidgetKit.framework */; };
		B9C20D0D2B921C78004DC9B3 /* SwiftUI.framework in Frameworks */ = {isa = PBXBuildFile; fileRef = B9C20D0C2B921C78004DC9B3 /* SwiftUI.framework */; };
		B9C20D102B921C78004DC9B3 /* BubbleWidgetsBundle.swift in Sources */ = {isa = PBXBuildFile; fileRef = B9C20D0F2B921C78004DC9B3 /* BubbleWidgetsBundle.swift */; };
		B9C20D122B921C78004DC9B3 /* FollowCountWidget.swift in Sources */ = {isa = PBXBuildFile; fileRef = B9C20D112B921C78004DC9B3 /* FollowCountWidget.swift */; };
		B9C20D142B921C78004DC9B3 /* AppIntent.swift in Sources */ = {isa = PBXBuildFile; fileRef = B9C20D132B921C78004DC9B3 /* AppIntent.swift */; };
		B9C20D162B921C7B004DC9B3 /* Assets.xcassets in Resources */ = {isa = PBXBuildFile; fileRef = B9C20D152B921C7B004DC9B3 /* Assets.xcassets */; };
		B9C20D1A2B921C7B004DC9B3 /* BubbleWidgetsExtension.appex in Embed Foundation Extensions */ = {isa = PBXBuildFile; fileRef = B9C20D092B921C78004DC9B3 /* BubbleWidgetsExtension.appex */; settings = {ATTRIBUTES = (RemoveHeadersOnCopy, ); }; };
		B9CFC43B2B4F08C9004CFCB7 /* LaunchStoryboard.storyboard in Resources */ = {isa = PBXBuildFile; fileRef = B9CFC43A2B4F08C9004CFCB7 /* LaunchStoryboard.storyboard */; };
		B9DC692D2B79362700E625B9 /* StoreKit.framework in Frameworks */ = {isa = PBXBuildFile; fileRef = B9DC692C2B79362700E625B9 /* StoreKit.framework */; };
		B9EBE8582B474FD600FB594D /* AppDelegate.swift in Sources */ = {isa = PBXBuildFile; fileRef = B9EBE8572B474FD600FB594D /* AppDelegate.swift */; };
		B9FB945B2B2DEECE00D81C07 /* BubbleApp.swift in Sources */ = {isa = PBXBuildFile; fileRef = B9FB945A2B2DEECE00D81C07 /* BubbleApp.swift */; };
		B9FB94612B2DEECF00D81C07 /* Assets.xcassets in Resources */ = {isa = PBXBuildFile; fileRef = B9FB94602B2DEECF00D81C07 /* Assets.xcassets */; };
		B9FB94642B2DEECF00D81C07 /* Preview Assets.xcassets in Resources */ = {isa = PBXBuildFile; fileRef = B9FB94632B2DEECF00D81C07 /* Preview Assets.xcassets */; };
		B9FB94842B2E20AF00D81C07 /* SwiftSoup in Frameworks */ = {isa = PBXBuildFile; productRef = B9FB94832B2E20AF00D81C07 /* SwiftSoup */; };
		B9FB94902B2E2B0E00D81C07 /* Localizable.xcstrings in Resources */ = {isa = PBXBuildFile; fileRef = B9FB948F2B2E2B0E00D81C07 /* Localizable.xcstrings */; };
		B9FB94AA2B2F009F00D81C07 /* AuthenticationServices.framework in Frameworks */ = {isa = PBXBuildFile; fileRef = B9FB94A92B2F009F00D81C07 /* AuthenticationServices.framework */; };
		B9FB94AD2B2F009F00D81C07 /* AuthenticationViewController.swift in Sources */ = {isa = PBXBuildFile; fileRef = B9FB94AC2B2F009F00D81C07 /* AuthenticationViewController.swift */; };
		B9FB94B02B2F009F00D81C07 /* AuthenticationViewController.xib in Resources */ = {isa = PBXBuildFile; fileRef = B9FB94AE2B2F009F00D81C07 /* AuthenticationViewController.xib */; };
		B9FB94B42B2F009F00D81C07 /* BubbleAuthService.appex in Embed Foundation Extensions */ = {isa = PBXBuildFile; fileRef = B9FB94A72B2F009F00D81C07 /* BubbleAuthService.appex */; settings = {ATTRIBUTES = (RemoveHeadersOnCopy, ); }; };
		B9FE4B502CE241DE00CE1E53 /* OpenAppControl.swift in Sources */ = {isa = PBXBuildFile; fileRef = B9FE4B4F2CE241DE00CE1E53 /* OpenAppControl.swift */; };
		B9FE4B512CE241DE00CE1E53 /* OpenAppControl.swift in Sources */ = {isa = PBXBuildFile; fileRef = B9FE4B4F2CE241DE00CE1E53 /* OpenAppControl.swift */; };
/* End PBXBuildFile section */

/* Begin PBXContainerItemProxy section */
		B9C20D182B921C7B004DC9B3 /* PBXContainerItemProxy */ = {
			isa = PBXContainerItemProxy;
			containerPortal = B9FB944F2B2DEECE00D81C07 /* Project object */;
			proxyType = 1;
			remoteGlobalIDString = B9C20D082B921C78004DC9B3;
			remoteInfo = ThreadedWidgetsExtension;
		};
		B9FB94B22B2F009F00D81C07 /* PBXContainerItemProxy */ = {
			isa = PBXContainerItemProxy;
			containerPortal = B9FB944F2B2DEECE00D81C07 /* Project object */;
			proxyType = 1;
			remoteGlobalIDString = B9FB94A62B2F009F00D81C07;
			remoteInfo = AuthService;
		};
/* End PBXContainerItemProxy section */

/* Begin PBXCopyFilesBuildPhase section */
		B9B469C82B9A7E6B00AD5585 /* Embed Watch Content */ = {
			isa = PBXCopyFilesBuildPhase;
			buildActionMask = 2147483647;
			dstPath = "$(CONTENTS_FOLDER_PATH)/Watch";
			dstSubfolderSpec = 16;
			files = (
			);
			name = "Embed Watch Content";
			runOnlyForDeploymentPostprocessing = 0;
		};
		B9FB94B82B2F009F00D81C07 /* Embed Foundation Extensions */ = {
			isa = PBXCopyFilesBuildPhase;
			buildActionMask = 2147483647;
			dstPath = "";
			dstSubfolderSpec = 13;
			files = (
				B9FB94B42B2F009F00D81C07 /* BubbleAuthService.appex in Embed Foundation Extensions */,
				B9C20D1A2B921C7B004DC9B3 /* BubbleWidgetsExtension.appex in Embed Foundation Extensions */,
			);
			name = "Embed Foundation Extensions";
			runOnlyForDeploymentPostprocessing = 0;
		};
/* End PBXCopyFilesBuildPhase section */

/* Begin PBXFileReference section */
		B97BCE272B3ED2A80044756D /* .gitignore */ = {isa = PBXFileReference; lastKnownFileType = text; path = .gitignore; sourceTree = "<group>"; };
		B98DD8D72C6821F7009F40DD /* CreatePostControl.swift */ = {isa = PBXFileReference; lastKnownFileType = sourcecode.swift; path = CreatePostControl.swift; sourceTree = "<group>"; };
		B9A80DDD2C67BFF800DE3D88 /* CreatePostWidget.swift */ = {isa = PBXFileReference; lastKnownFileType = sourcecode.swift; path = CreatePostWidget.swift; sourceTree = "<group>"; };
		B9AC6BD02CF341C2009C65C7 /* Secret.plist */ = {isa = PBXFileReference; lastKnownFileType = text.plist.xml; path = Secret.plist; sourceTree = "<group>"; };
		B9B469AF2B9A275F00AD5585 /* FollowGoalWidget.swift */ = {isa = PBXFileReference; lastKnownFileType = sourcecode.swift; path = FollowGoalWidget.swift; sourceTree = "<group>"; };
		B9C20D092B921C78004DC9B3 /* BubbleWidgetsExtension.appex */ = {isa = PBXFileReference; explicitFileType = "wrapper.app-extension"; includeInIndex = 0; path = BubbleWidgetsExtension.appex; sourceTree = BUILT_PRODUCTS_DIR; };
		B9C20D0A2B921C78004DC9B3 /* WidgetKit.framework */ = {isa = PBXFileReference; lastKnownFileType = wrapper.framework; name = WidgetKit.framework; path = System/Library/Frameworks/WidgetKit.framework; sourceTree = SDKROOT; };
		B9C20D0C2B921C78004DC9B3 /* SwiftUI.framework */ = {isa = PBXFileReference; lastKnownFileType = wrapper.framework; name = SwiftUI.framework; path = System/Library/Frameworks/SwiftUI.framework; sourceTree = SDKROOT; };
		B9C20D0F2B921C78004DC9B3 /* BubbleWidgetsBundle.swift */ = {isa = PBXFileReference; lastKnownFileType = sourcecode.swift; path = BubbleWidgetsBundle.swift; sourceTree = "<group>"; };
		B9C20D112B921C78004DC9B3 /* FollowCountWidget.swift */ = {isa = PBXFileReference; lastKnownFileType = sourcecode.swift; path = FollowCountWidget.swift; sourceTree = "<group>"; };
		B9C20D132B921C78004DC9B3 /* AppIntent.swift */ = {isa = PBXFileReference; lastKnownFileType = sourcecode.swift; path = AppIntent.swift; sourceTree = "<group>"; };
		B9C20D152B921C7B004DC9B3 /* Assets.xcassets */ = {isa = PBXFileReference; lastKnownFileType = folder.assetcatalog; path = Assets.xcassets; sourceTree = "<group>"; };
		B9C20D172B921C7B004DC9B3 /* Info.plist */ = {isa = PBXFileReference; lastKnownFileType = text.plist.xml; path = Info.plist; sourceTree = "<group>"; };
		B9C20D582B923CDD004DC9B3 /* BubbleWidgetsExtension.entitlements */ = {isa = PBXFileReference; lastKnownFileType = text.plist.entitlements; path = BubbleWidgetsExtension.entitlements; sourceTree = "<group>"; };
		B9C20D592B923D53004DC9B3 /* Bubble.entitlements */ = {isa = PBXFileReference; lastKnownFileType = text.plist.entitlements; path = Bubble.entitlements; sourceTree = "<group>"; };
		B9CC45B92B40AA1E001E4FA5 /* README.md */ = {isa = PBXFileReference; lastKnownFileType = net.daringfireball.markdown; path = README.md; sourceTree = "<group>"; };
		B9CFC43A2B4F08C9004CFCB7 /* LaunchStoryboard.storyboard */ = {isa = PBXFileReference; lastKnownFileType = file.storyboard; path = LaunchStoryboard.storyboard; sourceTree = "<group>"; };
		B9DC692C2B79362700E625B9 /* StoreKit.framework */ = {isa = PBXFileReference; lastKnownFileType = wrapper.framework; name = StoreKit.framework; path = System/Library/Frameworks/StoreKit.framework; sourceTree = SDKROOT; };
		B9EBE8572B474FD600FB594D /* AppDelegate.swift */ = {isa = PBXFileReference; lastKnownFileType = sourcecode.swift; path = AppDelegate.swift; sourceTree = "<group>"; };
		B9FB94572B2DEECE00D81C07 /* Bubble.app */ = {isa = PBXFileReference; explicitFileType = wrapper.application; includeInIndex = 0; path = Bubble.app; sourceTree = BUILT_PRODUCTS_DIR; };
		B9FB945A2B2DEECE00D81C07 /* BubbleApp.swift */ = {isa = PBXFileReference; lastKnownFileType = sourcecode.swift; path = BubbleApp.swift; sourceTree = "<group>"; };
		B9FB94602B2DEECF00D81C07 /* Assets.xcassets */ = {isa = PBXFileReference; lastKnownFileType = folder.assetcatalog; path = Assets.xcassets; sourceTree = "<group>"; };
		B9FB94632B2DEECF00D81C07 /* Preview Assets.xcassets */ = {isa = PBXFileReference; lastKnownFileType = folder.assetcatalog; path = "Preview Assets.xcassets"; sourceTree = "<group>"; };
		B9FB948F2B2E2B0E00D81C07 /* Localizable.xcstrings */ = {isa = PBXFileReference; lastKnownFileType = text.json.xcstrings; path = Localizable.xcstrings; sourceTree = "<group>"; };
		B9FB94A02B2EF23100D81C07 /* Info.plist */ = {isa = PBXFileReference; lastKnownFileType = text.plist; path = Info.plist; sourceTree = "<group>"; };
		B9FB94A72B2F009F00D81C07 /* BubbleAuthService.appex */ = {isa = PBXFileReference; explicitFileType = "wrapper.app-extension"; includeInIndex = 0; path = BubbleAuthService.appex; sourceTree = BUILT_PRODUCTS_DIR; };
		B9FB94A92B2F009F00D81C07 /* AuthenticationServices.framework */ = {isa = PBXFileReference; lastKnownFileType = wrapper.framework; name = AuthenticationServices.framework; path = System/Library/Frameworks/AuthenticationServices.framework; sourceTree = SDKROOT; };
		B9FB94AC2B2F009F00D81C07 /* AuthenticationViewController.swift */ = {isa = PBXFileReference; lastKnownFileType = sourcecode.swift; path = AuthenticationViewController.swift; sourceTree = "<group>"; };
		B9FB94AF2B2F009F00D81C07 /* Base */ = {isa = PBXFileReference; lastKnownFileType = file.xib; name = Base; path = Base.lproj/AuthenticationViewController.xib; sourceTree = "<group>"; };
		B9FB94B12B2F009F00D81C07 /* Info.plist */ = {isa = PBXFileReference; lastKnownFileType = text.plist.xml; path = Info.plist; sourceTree = "<group>"; };
		B9FE4B4F2CE241DE00CE1E53 /* OpenAppControl.swift */ = {isa = PBXFileReference; lastKnownFileType = sourcecode.swift; path = OpenAppControl.swift; sourceTree = "<group>"; };
/* End PBXFileReference section */

/* Begin PBXFileSystemSynchronizedRootGroup section */
		B91F4DBF2E01BF0C008810C4 /* Store */ = {isa = PBXFileSystemSynchronizedRootGroup; explicitFileTypes = {}; explicitFolders = (); path = Store; sourceTree = "<group>"; };
		B91F4DC32E01BFB6008810C4 /* Fonts */ = {isa = PBXFileSystemSynchronizedRootGroup; explicitFileTypes = {}; explicitFolders = (); path = Fonts; sourceTree = "<group>"; };
		B91F4DE62E01BFBB008810C4 /* Data */ = {isa = PBXFileSystemSynchronizedRootGroup; explicitFileTypes = {}; explicitFolders = (); path = Data; sourceTree = "<group>"; };
		B97112EE2E016AE5004E4901 /* ci_scripts */ = {isa = PBXFileSystemSynchronizedRootGroup; explicitFileTypes = {}; explicitFolders = (); path = ci_scripts; sourceTree = "<group>"; };
		B97498392E01FEAB00F6D4DA /* Views */ = {isa = PBXFileSystemSynchronizedRootGroup; explicitFileTypes = {}; explicitFolders = (); path = Views; sourceTree = "<group>"; };
		B97498A52E01FEB000F6D4DA /* Components */ = {isa = PBXFileSystemSynchronizedRootGroup; explicitFileTypes = {}; explicitFolders = (); path = Components; sourceTree = "<group>"; };
/* End PBXFileSystemSynchronizedRootGroup section */

/* Begin PBXFrameworksBuildPhase section */
		B9C20D062B921C78004DC9B3 /* Frameworks */ = {
			isa = PBXFrameworksBuildPhase;
			buildActionMask = 2147483647;
			files = (
				B9A80E912C67C7C300DE3D88 /* KeychainSwift in Frameworks */,
				B9C20D0D2B921C78004DC9B3 /* SwiftUI.framework in Frameworks */,
				B9C20D0B2B921C78004DC9B3 /* WidgetKit.framework in Frameworks */,
				B9A80E8F2C67C7C300DE3D88 /* EmojiText in Frameworks */,
				B9A80E952C67C7C300DE3D88 /* RevenueCat in Frameworks */,
				B9A80E932C67C7C300DE3D88 /* ReceiptParser in Frameworks */,
				B9A80E8D2C67C7C300DE3D88 /* NukeVideo in Frameworks */,
				B9A80E852C67C7C300DE3D88 /* SwiftSoup in Frameworks */,
				B9A80E972C67C7C300DE3D88 /* RevenueCatUI in Frameworks */,
				B9A80E8B2C67C7C300DE3D88 /* NukeUI in Frameworks */,
				B9A80E872C67C7C300DE3D88 /* Nuke in Frameworks */,
				B9A80E892C67C7C300DE3D88 /* NukeExtensions in Frameworks */,
			);
			runOnlyForDeploymentPostprocessing = 0;
		};
		B9FB94542B2DEECE00D81C07 /* Frameworks */ = {
			isa = PBXFrameworksBuildPhase;
			buildActionMask = 2147483647;
			files = (
				B93B67762B42E8AB000892E9 /* EmojiText in Frameworks */,
				B9FB94842B2E20AF00D81C07 /* SwiftSoup in Frameworks */,
				B93B676D2B42C94F000892E9 /* Nuke in Frameworks */,
				B9DC692D2B79362700E625B9 /* StoreKit.framework in Frameworks */,
				B9BF54072B6B6823004B24E7 /* KeychainSwift in Frameworks */,
				B95ED2332B8707D60055F5BD /* RevenueCat in Frameworks */,
				B93B67732B42C94F000892E9 /* NukeVideo in Frameworks */,
				B93B676F2B42C94F000892E9 /* NukeExtensions in Frameworks */,
				B95ED2352B8707D60055F5BD /* RevenueCatUI in Frameworks */,
				B93B67712B42C94F000892E9 /* NukeUI in Frameworks */,
			);
			runOnlyForDeploymentPostprocessing = 0;
		};
		B9FB94A42B2F009F00D81C07 /* Frameworks */ = {
			isa = PBXFrameworksBuildPhase;
			buildActionMask = 2147483647;
			files = (
				B9FB94AA2B2F009F00D81C07 /* AuthenticationServices.framework in Frameworks */,
			);
			runOnlyForDeploymentPostprocessing = 0;
		};
/* End PBXFrameworksBuildPhase section */

/* Begin PBXGroup section */
		B9C20D0E2B921C78004DC9B3 /* BubbleWidgets */ = {
			isa = PBXGroup;
			children = (
				B9C20D582B923CDD004DC9B3 /* BubbleWidgetsExtension.entitlements */,
				B9C20D0F2B921C78004DC9B3 /* BubbleWidgetsBundle.swift */,
				B9C20D112B921C78004DC9B3 /* FollowCountWidget.swift */,
				B9B469AF2B9A275F00AD5585 /* FollowGoalWidget.swift */,
				B9A80DDD2C67BFF800DE3D88 /* CreatePostWidget.swift */,
				B98DD8D72C6821F7009F40DD /* CreatePostControl.swift */,
				B9FE4B4F2CE241DE00CE1E53 /* OpenAppControl.swift */,
				B9C20D132B921C78004DC9B3 /* AppIntent.swift */,
				B9C20D152B921C7B004DC9B3 /* Assets.xcassets */,
				B9C20D172B921C7B004DC9B3 /* Info.plist */,
			);
			path = BubbleWidgets;
			sourceTree = "<group>";
		};
		B9FB944E2B2DEECE00D81C07 = {
			isa = PBXGroup;
			children = (
				B97112EE2E016AE5004E4901 /* ci_scripts */,
				B9CC45B92B40AA1E001E4FA5 /* README.md */,
				B9FB94592B2DEECE00D81C07 /* Bubble */,
				B9C20D0E2B921C78004DC9B3 /* BubbleWidgets */,
				B9FB94AB2B2F009F00D81C07 /* AuthService */,
				B9FB94A82B2F009F00D81C07 /* Frameworks */,
				B97BCE272B3ED2A80044756D /* .gitignore */,
				B9FB94582B2DEECE00D81C07 /* Products */,
			);
			sourceTree = "<group>";
		};
		B9FB94582B2DEECE00D81C07 /* Products */ = {
			isa = PBXGroup;
			children = (
				B9FB94572B2DEECE00D81C07 /* Bubble.app */,
				B9FB94A72B2F009F00D81C07 /* BubbleAuthService.appex */,
				B9C20D092B921C78004DC9B3 /* BubbleWidgetsExtension.appex */,
			);
			name = Products;
			sourceTree = "<group>";
		};
		B9FB94592B2DEECE00D81C07 /* Bubble */ = {
			isa = PBXGroup;
			children = (
				B9C20D592B923D53004DC9B3 /* Bubble.entitlements */,
				B9FB94A02B2EF23100D81C07 /* Info.plist */,
				B9AC6BD02CF341C2009C65C7 /* Secret.plist */,
				B9FB945A2B2DEECE00D81C07 /* BubbleApp.swift */,
				B9EBE8572B474FD600FB594D /* AppDelegate.swift */,
				B97498A52E01FEB000F6D4DA /* Components */,
				B97498392E01FEAB00F6D4DA /* Views */,
				B91F4DE62E01BFBB008810C4 /* Data */,
				B91F4DC32E01BFB6008810C4 /* Fonts */,
				B91F4DBF2E01BF0C008810C4 /* Store */,
				B9FB94602B2DEECF00D81C07 /* Assets.xcassets */,
				B9FB94622B2DEECF00D81C07 /* Preview Content */,
				B9FB948F2B2E2B0E00D81C07 /* Localizable.xcstrings */,
				B9CFC43A2B4F08C9004CFCB7 /* LaunchStoryboard.storyboard */,
			);
			path = Bubble;
			sourceTree = "<group>";
		};
		B9FB94622B2DEECF00D81C07 /* Preview Content */ = {
			isa = PBXGroup;
			children = (
				B9FB94632B2DEECF00D81C07 /* Preview Assets.xcassets */,
			);
			path = "Preview Content";
			sourceTree = "<group>";
		};
		B9FB94A82B2F009F00D81C07 /* Frameworks */ = {
			isa = PBXGroup;
			children = (
				B9DC692C2B79362700E625B9 /* StoreKit.framework */,
				B9FB94A92B2F009F00D81C07 /* AuthenticationServices.framework */,
				B9C20D0A2B921C78004DC9B3 /* WidgetKit.framework */,
				B9C20D0C2B921C78004DC9B3 /* SwiftUI.framework */,
			);
			name = Frameworks;
			sourceTree = "<group>";
		};
		B9FB94AB2B2F009F00D81C07 /* AuthService */ = {
			isa = PBXGroup;
			children = (
				B9FB94AC2B2F009F00D81C07 /* AuthenticationViewController.swift */,
				B9FB94AE2B2F009F00D81C07 /* AuthenticationViewController.xib */,
				B9FB94B12B2F009F00D81C07 /* Info.plist */,
			);
			path = AuthService;
			sourceTree = "<group>";
		};
/* End PBXGroup section */

/* Begin PBXNativeTarget section */
		B9C20D082B921C78004DC9B3 /* BubbleWidgetsExtension */ = {
			isa = PBXNativeTarget;
			buildConfigurationList = B9C20D1D2B921C7B004DC9B3 /* Build configuration list for PBXNativeTarget "BubbleWidgetsExtension" */;
			buildPhases = (
				B9C20D052B921C78004DC9B3 /* Sources */,
				B9C20D062B921C78004DC9B3 /* Frameworks */,
				B9C20D072B921C78004DC9B3 /* Resources */,
			);
			buildRules = (
			);
			dependencies = (
			);
			fileSystemSynchronizedGroups = (
				B91F4DE62E01BFBB008810C4 /* Data */,
				B97498392E01FEAB00F6D4DA /* Views */,
				B97498A52E01FEB000F6D4DA /* Components */,
			);
			name = BubbleWidgetsExtension;
			packageProductDependencies = (
				B9A80E842C67C7C300DE3D88 /* SwiftSoup */,
				B9A80E862C67C7C300DE3D88 /* Nuke */,
				B9A80E882C67C7C300DE3D88 /* NukeExtensions */,
				B9A80E8A2C67C7C300DE3D88 /* NukeUI */,
				B9A80E8C2C67C7C300DE3D88 /* NukeVideo */,
				B9A80E8E2C67C7C300DE3D88 /* EmojiText */,
				B9A80E902C67C7C300DE3D88 /* KeychainSwift */,
				B9A80E922C67C7C300DE3D88 /* ReceiptParser */,
				B9A80E942C67C7C300DE3D88 /* RevenueCat */,
				B9A80E962C67C7C300DE3D88 /* RevenueCatUI */,
			);
			productName = ThreadedWidgetsExtension;
			productReference = B9C20D092B921C78004DC9B3 /* BubbleWidgetsExtension.appex */;
			productType = "com.apple.product-type.app-extension";
		};
		B9FB94562B2DEECE00D81C07 /* Bubble */ = {
			isa = PBXNativeTarget;
			buildConfigurationList = B9FB94672B2DEECF00D81C07 /* Build configuration list for PBXNativeTarget "Bubble" */;
			buildPhases = (
				B9FB94532B2DEECE00D81C07 /* Sources */,
				B9FB94542B2DEECE00D81C07 /* Frameworks */,
				B9FB94552B2DEECE00D81C07 /* Resources */,
				B9FB94B82B2F009F00D81C07 /* Embed Foundation Extensions */,
				B9B469C82B9A7E6B00AD5585 /* Embed Watch Content */,
			);
			buildRules = (
			);
			dependencies = (
				B9FB94B32B2F009F00D81C07 /* PBXTargetDependency */,
				B9C20D192B921C7B004DC9B3 /* PBXTargetDependency */,
			);
			fileSystemSynchronizedGroups = (
				B91F4DBF2E01BF0C008810C4 /* Store */,
				B91F4DC32E01BFB6008810C4 /* Fonts */,
				B91F4DE62E01BFBB008810C4 /* Data */,
				B97112EE2E016AE5004E4901 /* ci_scripts */,
				B97498392E01FEAB00F6D4DA /* Views */,
				B97498A52E01FEB000F6D4DA /* Components */,
			);
			name = Bubble;
			packageProductDependencies = (
				B9FB94832B2E20AF00D81C07 /* SwiftSoup */,
				B93B676C2B42C94F000892E9 /* Nuke */,
				B93B676E2B42C94F000892E9 /* NukeExtensions */,
				B93B67702B42C94F000892E9 /* NukeUI */,
				B93B67722B42C94F000892E9 /* NukeVideo */,
				B93B67752B42E8AB000892E9 /* EmojiText */,
				B9BF54062B6B6823004B24E7 /* KeychainSwift */,
				B95ED2322B8707D60055F5BD /* RevenueCat */,
				B95ED2342B8707D60055F5BD /* RevenueCatUI */,
			);
			productName = Threaded;
			productReference = B9FB94572B2DEECE00D81C07 /* Bubble.app */;
			productType = "com.apple.product-type.application";
		};
		B9FB94A62B2F009F00D81C07 /* BubbleAuthService */ = {
			isa = PBXNativeTarget;
			buildConfigurationList = B9FB94B52B2F009F00D81C07 /* Build configuration list for PBXNativeTarget "BubbleAuthService" */;
			buildPhases = (
				B9FB94A32B2F009F00D81C07 /* Sources */,
				B9FB94A42B2F009F00D81C07 /* Frameworks */,
				B9FB94A52B2F009F00D81C07 /* Resources */,
			);
			buildRules = (
			);
			dependencies = (
			);
			name = BubbleAuthService;
			productName = AuthService;
			productReference = B9FB94A72B2F009F00D81C07 /* BubbleAuthService.appex */;
			productType = "com.apple.product-type.app-extension";
		};
/* End PBXNativeTarget section */

/* Begin PBXProject section */
		B9FB944F2B2DEECE00D81C07 /* Project object */ = {
			isa = PBXProject;
			attributes = {
				BuildIndependentTargetsInParallel = 1;
				LastSwiftUpdateCheck = 1600;
				LastUpgradeCheck = 1510;
				TargetAttributes = {
					B9C20D082B921C78004DC9B3 = {
						CreatedOnToolsVersion = 15.2;
					};
					B9FB94562B2DEECE00D81C07 = {
						CreatedOnToolsVersion = 15.1;
					};
					B9FB94A62B2F009F00D81C07 = {
						CreatedOnToolsVersion = 15.1;
					};
				};
			};
			buildConfigurationList = B9FB94522B2DEECE00D81C07 /* Build configuration list for PBXProject "Bubble" */;
			compatibilityVersion = "Xcode 14.0";
			developmentRegion = en;
			hasScannedForEncodings = 0;
			knownRegions = (
				en,
				Base,
				fr,
			);
			mainGroup = B9FB944E2B2DEECE00D81C07;
			packageReferences = (
				B9FB94822B2E20AF00D81C07 /* XCRemoteSwiftPackageReference "SwiftSoup" */,
				B93B676B2B42C94F000892E9 /* XCRemoteSwiftPackageReference "Nuke" */,
				B93B67742B42E8AB000892E9 /* XCRemoteSwiftPackageReference "EmojiText" */,
				B9BF54052B6B6823004B24E7 /* XCRemoteSwiftPackageReference "keychain-swift" */,
				B95ED2312B8707D60055F5BD /* XCRemoteSwiftPackageReference "purchases-ios-spm" */,
			);
			productRefGroup = B9FB94582B2DEECE00D81C07 /* Products */;
			projectDirPath = "";
			projectRoot = "";
			targets = (
				B9FB94562B2DEECE00D81C07 /* Bubble */,
				B9C20D082B921C78004DC9B3 /* BubbleWidgetsExtension */,
				B9FB94A62B2F009F00D81C07 /* BubbleAuthService */,
			);
		};
/* End PBXProject section */

/* Begin PBXResourcesBuildPhase section */
		B9C20D072B921C78004DC9B3 /* Resources */ = {
			isa = PBXResourcesBuildPhase;
			buildActionMask = 2147483647;
			files = (
				B98DD8D62C681FDA009F40DD /* Localizable.xcstrings in Resources */,
				B9C20D162B921C7B004DC9B3 /* Assets.xcassets in Resources */,
			);
			runOnlyForDeploymentPostprocessing = 0;
		};
		B9FB94552B2DEECE00D81C07 /* Resources */ = {
			isa = PBXResourcesBuildPhase;
			buildActionMask = 2147483647;
			files = (
				B97BCE282B3ED2A80044756D /* .gitignore in Resources */,
				B9AC6BD12CF341C2009C65C7 /* Secret.plist in Resources */,
				B9FB94642B2DEECF00D81C07 /* Preview Assets.xcassets in Resources */,
				B9FB94612B2DEECF00D81C07 /* Assets.xcassets in Resources */,
				B9FB94902B2E2B0E00D81C07 /* Localizable.xcstrings in Resources */,
				B9CFC43B2B4F08C9004CFCB7 /* LaunchStoryboard.storyboard in Resources */,
			);
			runOnlyForDeploymentPostprocessing = 0;
		};
		B9FB94A52B2F009F00D81C07 /* Resources */ = {
			isa = PBXResourcesBuildPhase;
			buildActionMask = 2147483647;
			files = (
				B9FB94B02B2F009F00D81C07 /* AuthenticationViewController.xib in Resources */,
			);
			runOnlyForDeploymentPostprocessing = 0;
		};
/* End PBXResourcesBuildPhase section */

/* Begin PBXSourcesBuildPhase section */
		B9C20D052B921C78004DC9B3 /* Sources */ = {
			isa = PBXSourcesBuildPhase;
			buildActionMask = 2147483647;
			files = (
				B9C20D122B921C78004DC9B3 /* FollowCountWidget.swift in Sources */,
				B9A80DDE2C67BFF800DE3D88 /* CreatePostWidget.swift in Sources */,
				B9C20D102B921C78004DC9B3 /* BubbleWidgetsBundle.swift in Sources */,
				B9C20D142B921C78004DC9B3 /* AppIntent.swift in Sources */,
				B9A80E0A2C67C48D00DE3D88 /* AppDelegate.swift in Sources */,
				B9B469B02B9A275F00AD5585 /* FollowGoalWidget.swift in Sources */,
				B98DD8D92C6821F7009F40DD /* CreatePostControl.swift in Sources */,
				B9FE4B502CE241DE00CE1E53 /* OpenAppControl.swift in Sources */,
			);
			runOnlyForDeploymentPostprocessing = 0;
		};
		B9FB94532B2DEECE00D81C07 /* Sources */ = {
			isa = PBXSourcesBuildPhase;
			buildActionMask = 2147483647;
			files = (
				B9FE4B512CE241DE00CE1E53 /* OpenAppControl.swift in Sources */,
				B98DD8D82C6821F7009F40DD /* CreatePostControl.swift in Sources */,
				B9FB945B2B2DEECE00D81C07 /* BubbleApp.swift in Sources */,
				B9A80DDF2C67C27B00DE3D88 /* AppIntent.swift in Sources */,
				B9A80E9A2C67D56900DE3D88 /* FollowCountWidget.swift in Sources */,
				B9A80E9B2C67D56900DE3D88 /* FollowGoalWidget.swift in Sources */,
				B9A80E9C2C67D56900DE3D88 /* CreatePostWidget.swift in Sources */,
				B9EBE8582B474FD600FB594D /* AppDelegate.swift in Sources */,
			);
			runOnlyForDeploymentPostprocessing = 0;
		};
		B9FB94A32B2F009F00D81C07 /* Sources */ = {
			isa = PBXSourcesBuildPhase;
			buildActionMask = 2147483647;
			files = (
				B9FB94AD2B2F009F00D81C07 /* AuthenticationViewController.swift in Sources */,
			);
			runOnlyForDeploymentPostprocessing = 0;
		};
/* End PBXSourcesBuildPhase section */

/* Begin PBXTargetDependency section */
		B9C20D192B921C7B004DC9B3 /* PBXTargetDependency */ = {
			isa = PBXTargetDependency;
			target = B9C20D082B921C78004DC9B3 /* BubbleWidgetsExtension */;
			targetProxy = B9C20D182B921C7B004DC9B3 /* PBXContainerItemProxy */;
		};
		B9FB94B32B2F009F00D81C07 /* PBXTargetDependency */ = {
			isa = PBXTargetDependency;
			target = B9FB94A62B2F009F00D81C07 /* BubbleAuthService */;
			targetProxy = B9FB94B22B2F009F00D81C07 /* PBXContainerItemProxy */;
		};
/* End PBXTargetDependency section */

/* Begin PBXVariantGroup section */
		B9FB94AE2B2F009F00D81C07 /* AuthenticationViewController.xib */ = {
			isa = PBXVariantGroup;
			children = (
				B9FB94AF2B2F009F00D81C07 /* Base */,
			);
			name = AuthenticationViewController.xib;
			sourceTree = "<group>";
		};
/* End PBXVariantGroup section */

/* Begin XCBuildConfiguration section */
		B9C20D1B2B921C7B004DC9B3 /* Debug */ = {
			isa = XCBuildConfiguration;
			buildSettings = {
				ASSETCATALOG_COMPILER_GLOBAL_ACCENT_COLOR_NAME = AccentColor;
				ASSETCATALOG_COMPILER_WIDGET_BACKGROUND_COLOR_NAME = WidgetBackground;
				CODE_SIGN_ENTITLEMENTS = BubbleWidgets/BubbleWidgetsExtension.entitlements;
				CODE_SIGN_STYLE = Automatic;
				CURRENT_PROJECT_VERSION = 1;
				DEVELOPMENT_TEAM = HB5P3BML86;
				GENERATE_INFOPLIST_FILE = YES;
				INFOPLIST_FILE = BubbleWidgets/Info.plist;
				INFOPLIST_KEY_CFBundleDisplayName = Bubble;
				INFOPLIST_KEY_NSHumanReadableCopyright = "";
				IPHONEOS_DEPLOYMENT_TARGET = 26.0;
				LD_RUNPATH_SEARCH_PATHS = (
					"$(inherited)",
					"@executable_path/Frameworks",
					"@executable_path/../../Frameworks",
				);
				MARKETING_VERSION = 2.0.0;
				PRODUCT_BUNDLE_IDENTIFIER = fr.lumaa.Threaded.ThreadedWidgets;
				PRODUCT_NAME = "$(TARGET_NAME)";
				SKIP_INSTALL = YES;
				SUPPORTED_PLATFORMS = "iphoneos iphonesimulator";
				SUPPORTS_MACCATALYST = NO;
				SUPPORTS_MAC_DESIGNED_FOR_IPHONE_IPAD = NO;
				SUPPORTS_XR_DESIGNED_FOR_IPHONE_IPAD = NO;
				SWIFT_ACTIVE_COMPILATION_CONDITIONS = WIDGET;
				SWIFT_EMIT_LOC_STRINGS = YES;
				SWIFT_VERSION = 5.0;
				TARGETED_DEVICE_FAMILY = 1;
				WATCHOS_DEPLOYMENT_TARGET = 10.0;
			};
			name = Debug;
		};
		B9C20D1C2B921C7B004DC9B3 /* Release */ = {
			isa = XCBuildConfiguration;
			buildSettings = {
				ASSETCATALOG_COMPILER_GLOBAL_ACCENT_COLOR_NAME = AccentColor;
				ASSETCATALOG_COMPILER_WIDGET_BACKGROUND_COLOR_NAME = WidgetBackground;
				CODE_SIGN_ENTITLEMENTS = BubbleWidgets/BubbleWidgetsExtension.entitlements;
				CODE_SIGN_STYLE = Automatic;
				CURRENT_PROJECT_VERSION = 1;
				DEVELOPMENT_TEAM = HB5P3BML86;
				GENERATE_INFOPLIST_FILE = YES;
				INFOPLIST_FILE = BubbleWidgets/Info.plist;
				INFOPLIST_KEY_CFBundleDisplayName = Bubble;
				INFOPLIST_KEY_NSHumanReadableCopyright = "";
				IPHONEOS_DEPLOYMENT_TARGET = 26.0;
				LD_RUNPATH_SEARCH_PATHS = (
					"$(inherited)",
					"@executable_path/Frameworks",
					"@executable_path/../../Frameworks",
				);
				MARKETING_VERSION = 2.0.0;
				PRODUCT_BUNDLE_IDENTIFIER = fr.lumaa.Threaded.ThreadedWidgets;
				PRODUCT_NAME = "$(TARGET_NAME)";
				SKIP_INSTALL = YES;
				SUPPORTED_PLATFORMS = "iphoneos iphonesimulator";
				SUPPORTS_MACCATALYST = NO;
				SUPPORTS_MAC_DESIGNED_FOR_IPHONE_IPAD = NO;
				SUPPORTS_XR_DESIGNED_FOR_IPHONE_IPAD = NO;
				SWIFT_ACTIVE_COMPILATION_CONDITIONS = WIDGET;
				SWIFT_EMIT_LOC_STRINGS = YES;
				SWIFT_VERSION = 5.0;
				TARGETED_DEVICE_FAMILY = 1;
				WATCHOS_DEPLOYMENT_TARGET = 10.0;
			};
			name = Release;
		};
		B9FB94652B2DEECF00D81C07 /* Debug */ = {
			isa = XCBuildConfiguration;
			buildSettings = {
				ALWAYS_SEARCH_USER_PATHS = NO;
				ASSETCATALOG_COMPILER_ALTERNATE_APPICON_NAMES = "";
				ASSETCATALOG_COMPILER_GENERATE_SWIFT_ASSET_SYMBOL_EXTENSIONS = YES;
				CLANG_ANALYZER_NONNULL = YES;
				CLANG_ANALYZER_NUMBER_OBJECT_CONVERSION = YES_AGGRESSIVE;
				CLANG_CXX_LANGUAGE_STANDARD = "gnu++20";
				CLANG_ENABLE_MODULES = YES;
				CLANG_ENABLE_OBJC_ARC = YES;
				CLANG_ENABLE_OBJC_WEAK = YES;
				CLANG_WARN_BLOCK_CAPTURE_AUTORELEASING = YES;
				CLANG_WARN_BOOL_CONVERSION = YES;
				CLANG_WARN_COMMA = YES;
				CLANG_WARN_CONSTANT_CONVERSION = YES;
				CLANG_WARN_DEPRECATED_OBJC_IMPLEMENTATIONS = YES;
				CLANG_WARN_DIRECT_OBJC_ISA_USAGE = YES_ERROR;
				CLANG_WARN_DOCUMENTATION_COMMENTS = YES;
				CLANG_WARN_EMPTY_BODY = YES;
				CLANG_WARN_ENUM_CONVERSION = YES;
				CLANG_WARN_INFINITE_RECURSION = YES;
				CLANG_WARN_INT_CONVERSION = YES;
				CLANG_WARN_NON_LITERAL_NULL_CONVERSION = YES;
				CLANG_WARN_OBJC_IMPLICIT_RETAIN_SELF = YES;
				CLANG_WARN_OBJC_LITERAL_CONVERSION = YES;
				CLANG_WARN_OBJC_ROOT_CLASS = YES_ERROR;
				CLANG_WARN_QUOTED_INCLUDE_IN_FRAMEWORK_HEADER = YES;
				CLANG_WARN_RANGE_LOOP_ANALYSIS = YES;
				CLANG_WARN_STRICT_PROTOTYPES = YES;
				CLANG_WARN_SUSPICIOUS_MOVE = YES;
				CLANG_WARN_UNGUARDED_AVAILABILITY = YES_AGGRESSIVE;
				CLANG_WARN_UNREACHABLE_CODE = YES;
				CLANG_WARN__DUPLICATE_METHOD_MATCH = YES;
				COPY_PHASE_STRIP = NO;
				DEBUG_INFORMATION_FORMAT = dwarf;
				ENABLE_STRICT_OBJC_MSGSEND = YES;
				ENABLE_TESTABILITY = YES;
				ENABLE_USER_SCRIPT_SANDBOXING = YES;
				GCC_C_LANGUAGE_STANDARD = gnu17;
				GCC_DYNAMIC_NO_PIC = NO;
				GCC_NO_COMMON_BLOCKS = YES;
				GCC_OPTIMIZATION_LEVEL = 0;
				GCC_PREPROCESSOR_DEFINITIONS = (
					"DEBUG=1",
					"$(inherited)",
				);
				GCC_WARN_64_TO_32_BIT_CONVERSION = YES;
				GCC_WARN_ABOUT_RETURN_TYPE = YES_ERROR;
				GCC_WARN_UNDECLARED_SELECTOR = YES;
				GCC_WARN_UNINITIALIZED_AUTOS = YES_AGGRESSIVE;
				GCC_WARN_UNUSED_FUNCTION = YES;
				GCC_WARN_UNUSED_VARIABLE = YES;
				IPHONEOS_DEPLOYMENT_TARGET = 17.0;
				LOCALIZATION_PREFERS_STRING_CATALOGS = YES;
				MTL_ENABLE_DEBUG_INFO = INCLUDE_SOURCE;
				MTL_FAST_MATH = YES;
				ONLY_ACTIVE_ARCH = YES;
				SDKROOT = iphoneos;
				SWIFT_ACTIVE_COMPILATION_CONDITIONS = "DEBUG $(inherited)";
				SWIFT_EMIT_LOC_STRINGS = YES;
				SWIFT_OPTIMIZATION_LEVEL = "-Onone";
				WATCHOS_DEPLOYMENT_TARGET = 10.0;
			};
			name = Debug;
		};
		B9FB94662B2DEECF00D81C07 /* Release */ = {
			isa = XCBuildConfiguration;
			buildSettings = {
				ALWAYS_SEARCH_USER_PATHS = NO;
				ASSETCATALOG_COMPILER_ALTERNATE_APPICON_NAMES = "";
				ASSETCATALOG_COMPILER_GENERATE_SWIFT_ASSET_SYMBOL_EXTENSIONS = YES;
				CLANG_ANALYZER_NONNULL = YES;
				CLANG_ANALYZER_NUMBER_OBJECT_CONVERSION = YES_AGGRESSIVE;
				CLANG_CXX_LANGUAGE_STANDARD = "gnu++20";
				CLANG_ENABLE_MODULES = YES;
				CLANG_ENABLE_OBJC_ARC = YES;
				CLANG_ENABLE_OBJC_WEAK = YES;
				CLANG_WARN_BLOCK_CAPTURE_AUTORELEASING = YES;
				CLANG_WARN_BOOL_CONVERSION = YES;
				CLANG_WARN_COMMA = YES;
				CLANG_WARN_CONSTANT_CONVERSION = YES;
				CLANG_WARN_DEPRECATED_OBJC_IMPLEMENTATIONS = YES;
				CLANG_WARN_DIRECT_OBJC_ISA_USAGE = YES_ERROR;
				CLANG_WARN_DOCUMENTATION_COMMENTS = YES;
				CLANG_WARN_EMPTY_BODY = YES;
				CLANG_WARN_ENUM_CONVERSION = YES;
				CLANG_WARN_INFINITE_RECURSION = YES;
				CLANG_WARN_INT_CONVERSION = YES;
				CLANG_WARN_NON_LITERAL_NULL_CONVERSION = YES;
				CLANG_WARN_OBJC_IMPLICIT_RETAIN_SELF = YES;
				CLANG_WARN_OBJC_LITERAL_CONVERSION = YES;
				CLANG_WARN_OBJC_ROOT_CLASS = YES_ERROR;
				CLANG_WARN_QUOTED_INCLUDE_IN_FRAMEWORK_HEADER = YES;
				CLANG_WARN_RANGE_LOOP_ANALYSIS = YES;
				CLANG_WARN_STRICT_PROTOTYPES = YES;
				CLANG_WARN_SUSPICIOUS_MOVE = YES;
				CLANG_WARN_UNGUARDED_AVAILABILITY = YES_AGGRESSIVE;
				CLANG_WARN_UNREACHABLE_CODE = YES;
				CLANG_WARN__DUPLICATE_METHOD_MATCH = YES;
				COPY_PHASE_STRIP = NO;
				DEBUG_INFORMATION_FORMAT = "dwarf-with-dsym";
				ENABLE_NS_ASSERTIONS = NO;
				ENABLE_STRICT_OBJC_MSGSEND = YES;
				ENABLE_USER_SCRIPT_SANDBOXING = YES;
				GCC_C_LANGUAGE_STANDARD = gnu17;
				GCC_NO_COMMON_BLOCKS = YES;
				GCC_WARN_64_TO_32_BIT_CONVERSION = YES;
				GCC_WARN_ABOUT_RETURN_TYPE = YES_ERROR;
				GCC_WARN_UNDECLARED_SELECTOR = YES;
				GCC_WARN_UNINITIALIZED_AUTOS = YES_AGGRESSIVE;
				GCC_WARN_UNUSED_FUNCTION = YES;
				GCC_WARN_UNUSED_VARIABLE = YES;
				IPHONEOS_DEPLOYMENT_TARGET = 17.0;
				LOCALIZATION_PREFERS_STRING_CATALOGS = YES;
				MTL_ENABLE_DEBUG_INFO = NO;
				MTL_FAST_MATH = YES;
				SDKROOT = iphoneos;
				SWIFT_COMPILATION_MODE = wholemodule;
				SWIFT_EMIT_LOC_STRINGS = YES;
				VALIDATE_PRODUCT = YES;
				WATCHOS_DEPLOYMENT_TARGET = 10.0;
			};
			name = Release;
		};
		B9FB94682B2DEECF00D81C07 /* Debug */ = {
			isa = XCBuildConfiguration;
			buildSettings = {
				ALWAYS_EMBED_SWIFT_STANDARD_LIBRARIES = YES;
				ASSETCATALOG_COMPILER_ALTERNATE_APPICON_NAMES = "PurpleIcon DefaultIcon AsyncIcon PrideIcon BlueIcon ArtisticlyIcon PinkIcon YellowIcon RedIcon TwitterIcon BratIcon";
				ASSETCATALOG_COMPILER_APPICON_NAME = AppIcon;
				ASSETCATALOG_COMPILER_GLOBAL_ACCENT_COLOR_NAME = AccentColor;
				ASSETCATALOG_COMPILER_INCLUDE_ALL_APPICON_ASSETS = YES;
				CODE_SIGN_ENTITLEMENTS = Bubble/Bubble.entitlements;
				CODE_SIGN_STYLE = Automatic;
				CURRENT_PROJECT_VERSION = 1;
				DEVELOPMENT_ASSET_PATHS = "";
				DEVELOPMENT_TEAM = HB5P3BML86;
				ENABLE_MODULE_VERIFIER = NO;
				ENABLE_PREVIEWS = YES;
				GENERATE_INFOPLIST_FILE = YES;
				INFOPLIST_FILE = Bubble/Info.plist;
				INFOPLIST_KEY_CFBundleDisplayName = Bubble;
				INFOPLIST_KEY_LSApplicationCategoryType = "public.app-category.social-networking";
				INFOPLIST_KEY_NSPhotoLibraryAddUsageDescription = "Bubble allows you to save images you see in posts";
				INFOPLIST_KEY_UIApplicationSceneManifest_Generation = YES;
				INFOPLIST_KEY_UIApplicationSupportsIndirectInputEvents = YES;
				INFOPLIST_KEY_UILaunchStoryboardName = LaunchStoryboard.storyboard;
				INFOPLIST_KEY_UIStatusBarHidden = YES;
				INFOPLIST_KEY_UISupportedInterfaceOrientations = UIInterfaceOrientationPortrait;
				IPHONEOS_DEPLOYMENT_TARGET = 26.0;
				LD_RUNPATH_SEARCH_PATHS = (
					"$(inherited)",
					"@executable_path/Frameworks",
				);
				MARKETING_VERSION = 2.0.0;
				PRODUCT_BUNDLE_IDENTIFIER = fr.lumaa.Threaded;
				PRODUCT_NAME = "$(TARGET_NAME)";
				SUPPORTED_PLATFORMS = "iphoneos iphonesimulator";
				SUPPORTS_MACCATALYST = NO;
				SUPPORTS_MAC_DESIGNED_FOR_IPHONE_IPAD = NO;
				SUPPORTS_XR_DESIGNED_FOR_IPHONE_IPAD = NO;
				SWIFT_EMIT_LOC_STRINGS = YES;
				SWIFT_VERSION = 5.0;
				TARGETED_DEVICE_FAMILY = 1;
			};
			name = Debug;
		};
		B9FB94692B2DEECF00D81C07 /* Release */ = {
			isa = XCBuildConfiguration;
			buildSettings = {
				ALWAYS_EMBED_SWIFT_STANDARD_LIBRARIES = YES;
				ASSETCATALOG_COMPILER_ALTERNATE_APPICON_NAMES = "PurpleIcon DefaultIcon AsyncIcon PrideIcon BlueIcon ArtisticlyIcon PinkIcon YellowIcon RedIcon TwitterIcon BratIcon";
				ASSETCATALOG_COMPILER_APPICON_NAME = AppIcon;
				ASSETCATALOG_COMPILER_GLOBAL_ACCENT_COLOR_NAME = AccentColor;
				ASSETCATALOG_COMPILER_INCLUDE_ALL_APPICON_ASSETS = YES;
				CODE_SIGN_ENTITLEMENTS = Bubble/Bubble.entitlements;
				CODE_SIGN_STYLE = Automatic;
				CURRENT_PROJECT_VERSION = 1;
				DEVELOPMENT_ASSET_PATHS = "";
				DEVELOPMENT_TEAM = HB5P3BML86;
				ENABLE_MODULE_VERIFIER = NO;
				ENABLE_PREVIEWS = YES;
				GENERATE_INFOPLIST_FILE = YES;
				INFOPLIST_FILE = Bubble/Info.plist;
				INFOPLIST_KEY_CFBundleDisplayName = Bubble;
				INFOPLIST_KEY_LSApplicationCategoryType = "public.app-category.social-networking";
				INFOPLIST_KEY_NSPhotoLibraryAddUsageDescription = "Bubble allows you to save images you see in posts";
				INFOPLIST_KEY_UIApplicationSceneManifest_Generation = YES;
				INFOPLIST_KEY_UIApplicationSupportsIndirectInputEvents = YES;
				INFOPLIST_KEY_UILaunchStoryboardName = LaunchStoryboard.storyboard;
				INFOPLIST_KEY_UIStatusBarHidden = YES;
				INFOPLIST_KEY_UISupportedInterfaceOrientations = UIInterfaceOrientationPortrait;
				IPHONEOS_DEPLOYMENT_TARGET = 26.0;
				LD_RUNPATH_SEARCH_PATHS = (
					"$(inherited)",
					"@executable_path/Frameworks",
				);
				MARKETING_VERSION = 2.0.0;
				PRODUCT_BUNDLE_IDENTIFIER = fr.lumaa.Threaded;
				PRODUCT_NAME = "$(TARGET_NAME)";
				SUPPORTED_PLATFORMS = "iphoneos iphonesimulator";
				SUPPORTS_MACCATALYST = NO;
				SUPPORTS_MAC_DESIGNED_FOR_IPHONE_IPAD = NO;
				SUPPORTS_XR_DESIGNED_FOR_IPHONE_IPAD = NO;
				SWIFT_EMIT_LOC_STRINGS = YES;
				SWIFT_VERSION = 5.0;
				TARGETED_DEVICE_FAMILY = 1;
			};
			name = Release;
		};
		B9FB94B62B2F009F00D81C07 /* Debug */ = {
			isa = XCBuildConfiguration;
			buildSettings = {
				CODE_SIGN_STYLE = Automatic;
				CURRENT_PROJECT_VERSION = 1;
				DEVELOPMENT_TEAM = HB5P3BML86;
				GENERATE_INFOPLIST_FILE = YES;
				INFOPLIST_FILE = AuthService/Info.plist;
				INFOPLIST_KEY_CFBundleDisplayName = AuthService;
				INFOPLIST_KEY_NSHumanReadableCopyright = "";
				IPHONEOS_DEPLOYMENT_TARGET = 26.0;
				LD_RUNPATH_SEARCH_PATHS = (
					"$(inherited)",
					"@executable_path/Frameworks",
					"@executable_path/../../Frameworks",
				);
				MARKETING_VERSION = 2.0.0;
				PRODUCT_BUNDLE_IDENTIFIER = fr.lumaa.Threaded.AuthService;
				PRODUCT_NAME = "$(TARGET_NAME)";
				SKIP_INSTALL = YES;
				SUPPORTED_PLATFORMS = "iphoneos iphonesimulator";
				SUPPORTS_MACCATALYST = NO;
				SUPPORTS_MAC_DESIGNED_FOR_IPHONE_IPAD = NO;
				SUPPORTS_XR_DESIGNED_FOR_IPHONE_IPAD = NO;
				SWIFT_EMIT_LOC_STRINGS = YES;
				SWIFT_VERSION = 5.0;
				TARGETED_DEVICE_FAMILY = 1;
			};
			name = Debug;
		};
		B9FB94B72B2F009F00D81C07 /* Release */ = {
			isa = XCBuildConfiguration;
			buildSettings = {
				CODE_SIGN_STYLE = Automatic;
				CURRENT_PROJECT_VERSION = 1;
				DEVELOPMENT_TEAM = HB5P3BML86;
				GENERATE_INFOPLIST_FILE = YES;
				INFOPLIST_FILE = AuthService/Info.plist;
				INFOPLIST_KEY_CFBundleDisplayName = AuthService;
				INFOPLIST_KEY_NSHumanReadableCopyright = "";
				IPHONEOS_DEPLOYMENT_TARGET = 26.0;
				LD_RUNPATH_SEARCH_PATHS = (
					"$(inherited)",
					"@executable_path/Frameworks",
					"@executable_path/../../Frameworks",
				);
				MARKETING_VERSION = 2.0.0;
				PRODUCT_BUNDLE_IDENTIFIER = fr.lumaa.Threaded.AuthService;
				PRODUCT_NAME = "$(TARGET_NAME)";
				SKIP_INSTALL = YES;
				SUPPORTED_PLATFORMS = "iphoneos iphonesimulator";
				SUPPORTS_MACCATALYST = NO;
				SUPPORTS_MAC_DESIGNED_FOR_IPHONE_IPAD = NO;
				SUPPORTS_XR_DESIGNED_FOR_IPHONE_IPAD = NO;
				SWIFT_EMIT_LOC_STRINGS = YES;
				SWIFT_VERSION = 5.0;
				TARGETED_DEVICE_FAMILY = 1;
			};
			name = Release;
		};
/* End XCBuildConfiguration section */

/* Begin XCConfigurationList section */
		B9C20D1D2B921C7B004DC9B3 /* Build configuration list for PBXNativeTarget "BubbleWidgetsExtension" */ = {
			isa = XCConfigurationList;
			buildConfigurations = (
				B9C20D1B2B921C7B004DC9B3 /* Debug */,
				B9C20D1C2B921C7B004DC9B3 /* Release */,
			);
			defaultConfigurationIsVisible = 0;
			defaultConfigurationName = Release;
		};
		B9FB94522B2DEECE00D81C07 /* Build configuration list for PBXProject "Bubble" */ = {
			isa = XCConfigurationList;
			buildConfigurations = (
				B9FB94652B2DEECF00D81C07 /* Debug */,
				B9FB94662B2DEECF00D81C07 /* Release */,
			);
			defaultConfigurationIsVisible = 0;
			defaultConfigurationName = Release;
		};
		B9FB94672B2DEECF00D81C07 /* Build configuration list for PBXNativeTarget "Bubble" */ = {
			isa = XCConfigurationList;
			buildConfigurations = (
				B9FB94682B2DEECF00D81C07 /* Debug */,
				B9FB94692B2DEECF00D81C07 /* Release */,
			);
			defaultConfigurationIsVisible = 0;
			defaultConfigurationName = Release;
		};
		B9FB94B52B2F009F00D81C07 /* Build configuration list for PBXNativeTarget "BubbleAuthService" */ = {
			isa = XCConfigurationList;
			buildConfigurations = (
				B9FB94B62B2F009F00D81C07 /* Debug */,
				B9FB94B72B2F009F00D81C07 /* Release */,
			);
			defaultConfigurationIsVisible = 0;
			defaultConfigurationName = Release;
		};
/* End XCConfigurationList section */

/* Begin XCRemoteSwiftPackageReference section */
		B93B676B2B42C94F000892E9 /* XCRemoteSwiftPackageReference "Nuke" */ = {
			isa = XCRemoteSwiftPackageReference;
			repositoryURL = "https://github.com/kean/Nuke";
			requirement = {
				kind = upToNextMajorVersion;
				minimumVersion = 12.2.0;
			};
		};
		B93B67742B42E8AB000892E9 /* XCRemoteSwiftPackageReference "EmojiText" */ = {
			isa = XCRemoteSwiftPackageReference;
			repositoryURL = "https://github.com/divadretlaw/EmojiText";
			requirement = {
				kind = upToNextMinorVersion;
				minimumVersion = 3.3.0;
			};
		};
		B95ED2312B8707D60055F5BD /* XCRemoteSwiftPackageReference "purchases-ios-spm" */ = {
			isa = XCRemoteSwiftPackageReference;
			repositoryURL = "https://github.com/RevenueCat/purchases-ios-spm";
			requirement = {
				kind = upToNextMinorVersion;
				minimumVersion = 5.28.1;
			};
		};
		B9BF54052B6B6823004B24E7 /* XCRemoteSwiftPackageReference "keychain-swift" */ = {
			isa = XCRemoteSwiftPackageReference;
			repositoryURL = "https://github.com/evgenyneu/keychain-swift";
			requirement = {
				kind = upToNextMinorVersion;
				minimumVersion = 21.0.0;
			};
		};
		B9FB94822B2E20AF00D81C07 /* XCRemoteSwiftPackageReference "SwiftSoup" */ = {
			isa = XCRemoteSwiftPackageReference;
			repositoryURL = "https://github.com/scinfu/SwiftSoup";
			requirement = {
				kind = upToNextMajorVersion;
				minimumVersion = 2.6.1;
			};
		};
/* End XCRemoteSwiftPackageReference section */

/* Begin XCSwiftPackageProductDependency section */
		B93B676C2B42C94F000892E9 /* Nuke */ = {
			isa = XCSwiftPackageProductDependency;
			package = B93B676B2B42C94F000892E9 /* XCRemoteSwiftPackageReference "Nuke" */;
			productName = Nuke;
		};
		B93B676E2B42C94F000892E9 /* NukeExtensions */ = {
			isa = XCSwiftPackageProductDependency;
			package = B93B676B2B42C94F000892E9 /* XCRemoteSwiftPackageReference "Nuke" */;
			productName = NukeExtensions;
		};
		B93B67702B42C94F000892E9 /* NukeUI */ = {
			isa = XCSwiftPackageProductDependency;
			package = B93B676B2B42C94F000892E9 /* XCRemoteSwiftPackageReference "Nuke" */;
			productName = NukeUI;
		};
		B93B67722B42C94F000892E9 /* NukeVideo */ = {
			isa = XCSwiftPackageProductDependency;
			package = B93B676B2B42C94F000892E9 /* XCRemoteSwiftPackageReference "Nuke" */;
			productName = NukeVideo;
		};
		B93B67752B42E8AB000892E9 /* EmojiText */ = {
			isa = XCSwiftPackageProductDependency;
			package = B93B67742B42E8AB000892E9 /* XCRemoteSwiftPackageReference "EmojiText" */;
			productName = EmojiText;
		};
		B95ED2322B8707D60055F5BD /* RevenueCat */ = {
			isa = XCSwiftPackageProductDependency;
			package = B95ED2312B8707D60055F5BD /* XCRemoteSwiftPackageReference "purchases-ios-spm" */;
			productName = RevenueCat;
		};
		B95ED2342B8707D60055F5BD /* RevenueCatUI */ = {
			isa = XCSwiftPackageProductDependency;
			package = B95ED2312B8707D60055F5BD /* XCRemoteSwiftPackageReference "purchases-ios-spm" */;
			productName = RevenueCatUI;
		};
		B9A80E842C67C7C300DE3D88 /* SwiftSoup */ = {
			isa = XCSwiftPackageProductDependency;
			package = B9FB94822B2E20AF00D81C07 /* XCRemoteSwiftPackageReference "SwiftSoup" */;
			productName = SwiftSoup;
		};
		B9A80E862C67C7C300DE3D88 /* Nuke */ = {
			isa = XCSwiftPackageProductDependency;
			package = B93B676B2B42C94F000892E9 /* XCRemoteSwiftPackageReference "Nuke" */;
			productName = Nuke;
		};
		B9A80E882C67C7C300DE3D88 /* NukeExtensions */ = {
			isa = XCSwiftPackageProductDependency;
			package = B93B676B2B42C94F000892E9 /* XCRemoteSwiftPackageReference "Nuke" */;
			productName = NukeExtensions;
		};
		B9A80E8A2C67C7C300DE3D88 /* NukeUI */ = {
			isa = XCSwiftPackageProductDependency;
			package = B93B676B2B42C94F000892E9 /* XCRemoteSwiftPackageReference "Nuke" */;
			productName = NukeUI;
		};
		B9A80E8C2C67C7C300DE3D88 /* NukeVideo */ = {
			isa = XCSwiftPackageProductDependency;
			package = B93B676B2B42C94F000892E9 /* XCRemoteSwiftPackageReference "Nuke" */;
			productName = NukeVideo;
		};
		B9A80E8E2C67C7C300DE3D88 /* EmojiText */ = {
			isa = XCSwiftPackageProductDependency;
			package = B93B67742B42E8AB000892E9 /* XCRemoteSwiftPackageReference "EmojiText" */;
			productName = EmojiText;
		};
		B9A80E902C67C7C300DE3D88 /* KeychainSwift */ = {
			isa = XCSwiftPackageProductDependency;
			package = B9BF54052B6B6823004B24E7 /* XCRemoteSwiftPackageReference "keychain-swift" */;
			productName = KeychainSwift;
		};
		B9A80E922C67C7C300DE3D88 /* ReceiptParser */ = {
			isa = XCSwiftPackageProductDependency;
			package = B95ED2312B8707D60055F5BD /* XCRemoteSwiftPackageReference "purchases-ios-spm" */;
			productName = ReceiptParser;
		};
		B9A80E942C67C7C300DE3D88 /* RevenueCat */ = {
			isa = XCSwiftPackageProductDependency;
			package = B95ED2312B8707D60055F5BD /* XCRemoteSwiftPackageReference "purchases-ios-spm" */;
			productName = RevenueCat;
		};
		B9A80E962C67C7C300DE3D88 /* RevenueCatUI */ = {
			isa = XCSwiftPackageProductDependency;
			package = B95ED2312B8707D60055F5BD /* XCRemoteSwiftPackageReference "purchases-ios-spm" */;
			productName = RevenueCatUI;
		};
		B9BF54062B6B6823004B24E7 /* KeychainSwift */ = {
			isa = XCSwiftPackageProductDependency;
			package = B9BF54052B6B6823004B24E7 /* XCRemoteSwiftPackageReference "keychain-swift" */;
			productName = KeychainSwift;
		};
		B9FB94832B2E20AF00D81C07 /* SwiftSoup */ = {
			isa = XCSwiftPackageProductDependency;
			package = B9FB94822B2E20AF00D81C07 /* XCRemoteSwiftPackageReference "SwiftSoup" */;
			productName = SwiftSoup;
		};
/* End XCSwiftPackageProductDependency section */
	};
	rootObject = B9FB944F2B2DEECE00D81C07 /* Project object */;
}
